// !$*UTF8*$!
{
	archiveVersion = 1;
	classes = {
	};
	objectVersion = 46;
	objects = {

/* Begin PBXBuildFile section */
		0A06F75416AB314400F63233 /* SenTestingKit.framework in Frameworks */ = {isa = PBXBuildFile; fileRef = 0A2E48BE1679596900E84172 /* SenTestingKit.framework */; };
		0A06F75516AB314400F63233 /* UIKit.framework in Frameworks */ = {isa = PBXBuildFile; fileRef = 0A2E488C1679596800E84172 /* UIKit.framework */; };
		0A06F75616AB314400F63233 /* Foundation.framework in Frameworks */ = {isa = PBXBuildFile; fileRef = 0A2E488E1679596800E84172 /* Foundation.framework */; settings = {ATTRIBUTES = (Required, ); }; };
		0A06F75C16AB314400F63233 /* InfoPlist.strings in Resources */ = {isa = PBXBuildFile; fileRef = 0A06F75A16AB314400F63233 /* InfoPlist.strings */; };
		0A06F75F16AB314400F63233 /* PasswordSafeLogicTests.m in Sources */ = {isa = PBXBuildFile; fileRef = 0A06F75E16AB314400F63233 /* PasswordSafeLogicTests.m */; };
		0A06F76716AB31A800F63233 /* GeneratorTest.m in Sources */ = {isa = PBXBuildFile; fileRef = 0A06F76616AB31A800F63233 /* GeneratorTest.m */; };
		0A2E488D1679596800E84172 /* UIKit.framework in Frameworks */ = {isa = PBXBuildFile; fileRef = 0A2E488C1679596800E84172 /* UIKit.framework */; };
		0A2E488F1679596800E84172 /* Foundation.framework in Frameworks */ = {isa = PBXBuildFile; fileRef = 0A2E488E1679596800E84172 /* Foundation.framework */; };
		0A2E48911679596800E84172 /* CoreGraphics.framework in Frameworks */ = {isa = PBXBuildFile; fileRef = 0A2E48901679596800E84172 /* CoreGraphics.framework */; };
		0A2E48971679596800E84172 /* InfoPlist.strings in Resources */ = {isa = PBXBuildFile; fileRef = 0A2E48951679596800E84172 /* InfoPlist.strings */; };
		0A2E48BF1679596900E84172 /* SenTestingKit.framework in Frameworks */ = {isa = PBXBuildFile; fileRef = 0A2E48BE1679596900E84172 /* SenTestingKit.framework */; };
		0A2E48C01679596900E84172 /* UIKit.framework in Frameworks */ = {isa = PBXBuildFile; fileRef = 0A2E488C1679596800E84172 /* UIKit.framework */; };
		0A2E48C11679596900E84172 /* Foundation.framework in Frameworks */ = {isa = PBXBuildFile; fileRef = 0A2E488E1679596800E84172 /* Foundation.framework */; };
		0A2E48C91679596900E84172 /* InfoPlist.strings in Resources */ = {isa = PBXBuildFile; fileRef = 0A2E48C71679596900E84172 /* InfoPlist.strings */; };
		0A2E48CC1679596900E84172 /* PasswordSafeTests.m in Sources */ = {isa = PBXBuildFile; fileRef = 0A2E48CB1679596900E84172 /* PasswordSafeTests.m */; };
		0A2E48D7167A83BD00E84172 /* Generator.m in Sources */ = {isa = PBXBuildFile; fileRef = 0A2E48D6167A83BD00E84172 /* Generator.m */; };
		0A65F73C16AB430700DC7097 /* Generator.m in Sources */ = {isa = PBXBuildFile; fileRef = 0A2E48D6167A83BD00E84172 /* Generator.m */; };
		0A90FCAA16C333AA00ED0A1E /* CoreDataTest.m in Sources */ = {isa = PBXBuildFile; fileRef = 0AEEB5C916B2275100EDA79D /* CoreDataTest.m */; };
		0AA8E79416AB30DF0070D2C4 /* PasswordSafeData.xcdatamodeld in Sources */ = {isa = PBXBuildFile; fileRef = 0AA8E79116AB30DF0070D2C4 /* PasswordSafeData.xcdatamodeld */; };
		0AA8E79916AB34480070D2C4 /* Note.m in Sources */ = {isa = PBXBuildFile; fileRef = 0AA8E79716AB34480070D2C4 /* Note.m */; };
		0AA8E79E16AB34770070D2C4 /* Password.m in Sources */ = {isa = PBXBuildFile; fileRef = 0AA8E79C16AB34770070D2C4 /* Password.m */; };
		0AEEB5BD16B21FF200EDA79D /* GeneratorTest.m in Sources */ = {isa = PBXBuildFile; fileRef = 0A06F76616AB31A800F63233 /* GeneratorTest.m */; };
		0AEEB5BF16B2208A00EDA79D /* SenTestingKit.framework in Frameworks */ = {isa = PBXBuildFile; fileRef = 0A2E48BE1679596900E84172 /* SenTestingKit.framework */; };
		0AEEB5C116B2219F00EDA79D /* Default-568h@2x.png in Resources */ = {isa = PBXBuildFile; fileRef = 0AEEB5C016B2219E00EDA79D /* Default-568h@2x.png */; };
		0AEEB5C216B2237900EDA79D /* main.m in Sources */ = {isa = PBXBuildFile; fileRef = 0A2E48981679596800E84172 /* main.m */; };
		0AEEB5C316B224F000EDA79D /* PasswordSafeData.xcdatamodeld in Sources */ = {isa = PBXBuildFile; fileRef = 0AA8E79116AB30DF0070D2C4 /* PasswordSafeData.xcdatamodeld */; };
		0AEEB5C416B224F900EDA79D /* Password.m in Sources */ = {isa = PBXBuildFile; fileRef = 0AA8E79C16AB34770070D2C4 /* Password.m */; };
		0AEEB5C516B224FD00EDA79D /* Note.m in Sources */ = {isa = PBXBuildFile; fileRef = 0AA8E79716AB34480070D2C4 /* Note.m */; };
		0AEEB5C616B2251900EDA79D /* AppDelegate.m in Sources */ = {isa = PBXBuildFile; fileRef = 0A2E489C1679596800E84172 /* AppDelegate.m */; };
		0AEEB5CA16B2275100EDA79D /* CoreDataTest.m in Sources */ = {isa = PBXBuildFile; fileRef = 0AEEB5C916B2275100EDA79D /* CoreDataTest.m */; };
		0AEEB5CB16B2286E00EDA79D /* Password.m in Sources */ = {isa = PBXBuildFile; fileRef = 0AA8E79C16AB34770070D2C4 /* Password.m */; };
		0AEEB5CC16B2287200EDA79D /* Note.m in Sources */ = {isa = PBXBuildFile; fileRef = 0AA8E79716AB34480070D2C4 /* Note.m */; };
		0AEEB5CF16B2289300EDA79D /* CoreData.framework in Frameworks */ = {isa = PBXBuildFile; fileRef = 0AEEB5CE16B2289200EDA79D /* CoreData.framework */; };
		0AEEB5D016B22FF200EDA79D /* CoreData.framework in Frameworks */ = {isa = PBXBuildFile; fileRef = 0AEEB5CE16B2289200EDA79D /* CoreData.framework */; };
		0AEEB5D116B22FFC00EDA79D /* CoreData.framework in Frameworks */ = {isa = PBXBuildFile; fileRef = 0AEEB5CE16B2289200EDA79D /* CoreData.framework */; settings = {ATTRIBUTES = (Required, ); }; };
		0AEEB5D216B2307D00EDA79D /* main.m in Sources */ = {isa = PBXBuildFile; fileRef = 0A2E48981679596800E84172 /* main.m */; };
/* End PBXBuildFile section */

/* Begin PBXContainerItemProxy section */
		0A2E48C21679596900E84172 /* PBXContainerItemProxy */ = {
			isa = PBXContainerItemProxy;
			containerPortal = 0A2E487F1679596800E84172 /* Project object */;
			proxyType = 1;
			remoteGlobalIDString = 0A2E48871679596800E84172;
			remoteInfo = PasswordSafe;
		};
/* End PBXContainerItemProxy section */

/* Begin PBXFileReference section */
		0A06F75316AB314400F63233 /* PasswordSafeLogicTests.octest */ = {isa = PBXFileReference; explicitFileType = wrapper.cfbundle; includeInIndex = 0; path = PasswordSafeLogicTests.octest; sourceTree = BUILT_PRODUCTS_DIR; };
		0A06F75916AB314400F63233 /* PasswordSafeLogicTests-Info.plist */ = {isa = PBXFileReference; lastKnownFileType = text.plist.xml; path = "PasswordSafeLogicTests-Info.plist"; sourceTree = "<group>"; };
		0A06F75B16AB314400F63233 /* en */ = {isa = PBXFileReference; lastKnownFileType = text.plist.strings; name = en; path = en.lproj/InfoPlist.strings; sourceTree = "<group>"; };
		0A06F75D16AB314400F63233 /* PasswordSafeLogicTests.h */ = {isa = PBXFileReference; lastKnownFileType = sourcecode.c.h; path = PasswordSafeLogicTests.h; sourceTree = "<group>"; };
		0A06F75E16AB314400F63233 /* PasswordSafeLogicTests.m */ = {isa = PBXFileReference; lastKnownFileType = sourcecode.c.objc; path = PasswordSafeLogicTests.m; sourceTree = "<group>"; };
		0A06F76016AB314400F63233 /* PasswordSafeLogicTests-Prefix.pch */ = {isa = PBXFileReference; lastKnownFileType = sourcecode.c.h; path = "PasswordSafeLogicTests-Prefix.pch"; sourceTree = "<group>"; };
		0A06F76616AB31A800F63233 /* GeneratorTest.m */ = {isa = PBXFileReference; fileEncoding = 4; lastKnownFileType = sourcecode.c.objc; path = GeneratorTest.m; sourceTree = "<group>"; };
		0A2E48881679596800E84172 /* PasswordSafe.app */ = {isa = PBXFileReference; explicitFileType = wrapper.application; includeInIndex = 0; path = PasswordSafe.app; sourceTree = BUILT_PRODUCTS_DIR; };
		0A2E488C1679596800E84172 /* UIKit.framework */ = {isa = PBXFileReference; lastKnownFileType = wrapper.framework; name = UIKit.framework; path = System/Library/Frameworks/UIKit.framework; sourceTree = SDKROOT; };
		0A2E488E1679596800E84172 /* Foundation.framework */ = {isa = PBXFileReference; lastKnownFileType = wrapper.framework; name = Foundation.framework; path = System/Library/Frameworks/Foundation.framework; sourceTree = SDKROOT; };
		0A2E48901679596800E84172 /* CoreGraphics.framework */ = {isa = PBXFileReference; lastKnownFileType = wrapper.framework; name = CoreGraphics.framework; path = System/Library/Frameworks/CoreGraphics.framework; sourceTree = SDKROOT; };
		0A2E48941679596800E84172 /* PasswordSafe-Info.plist */ = {isa = PBXFileReference; lastKnownFileType = text.plist.xml; path = "PasswordSafe-Info.plist"; sourceTree = "<group>"; };
		0A2E48961679596800E84172 /* en */ = {isa = PBXFileReference; lastKnownFileType = text.plist.strings; name = en; path = en.lproj/InfoPlist.strings; sourceTree = "<group>"; };
		0A2E48981679596800E84172 /* main.m */ = {isa = PBXFileReference; lastKnownFileType = sourcecode.c.objc; path = main.m; sourceTree = "<group>"; };
		0A2E489A1679596800E84172 /* PasswordSafe-Prefix.pch */ = {isa = PBXFileReference; lastKnownFileType = sourcecode.c.h; path = "PasswordSafe-Prefix.pch"; sourceTree = "<group>"; };
		0A2E489B1679596800E84172 /* AppDelegate.h */ = {isa = PBXFileReference; lastKnownFileType = sourcecode.c.h; path = AppDelegate.h; sourceTree = "<group>"; };
		0A2E489C1679596800E84172 /* AppDelegate.m */ = {isa = PBXFileReference; lastKnownFileType = sourcecode.c.objc; path = AppDelegate.m; sourceTree = "<group>"; };
		0A2E489E1679596800E84172 /* Default.png */ = {isa = PBXFileReference; lastKnownFileType = image.png; path = Default.png; sourceTree = "<group>"; };
		0A2E48A01679596800E84172 /* Default@2x.png */ = {isa = PBXFileReference; lastKnownFileType = image.png; path = "Default@2x.png"; sourceTree = "<group>"; };
		0A2E48A21679596800E84172 /* Default-568h@2x.png */ = {isa = PBXFileReference; lastKnownFileType = image.png; path = "Default-568h@2x.png"; sourceTree = "<group>"; };
		0A2E48A51679596800E84172 /* en */ = {isa = PBXFileReference; lastKnownFileType = file.storyboard; name = en; path = en.lproj/MainStoryboard_iPhone.storyboard; sourceTree = "<group>"; };
		0A2E48A81679596800E84172 /* en */ = {isa = PBXFileReference; lastKnownFileType = file.storyboard; name = en; path = en.lproj/MainStoryboard_iPad.storyboard; sourceTree = "<group>"; };
		0A2E48AA1679596800E84172 /* FirstViewController.h */ = {isa = PBXFileReference; lastKnownFileType = sourcecode.c.h; path = FirstViewController.h; sourceTree = "<group>"; };
		0A2E48AB1679596800E84172 /* FirstViewController.m */ = {isa = PBXFileReference; lastKnownFileType = sourcecode.c.objc; path = FirstViewController.m; sourceTree = "<group>"; };
		0A2E48B11679596800E84172 /* SecondViewController.h */ = {isa = PBXFileReference; lastKnownFileType = sourcecode.c.h; path = SecondViewController.h; sourceTree = "<group>"; };
		0A2E48B21679596800E84172 /* SecondViewController.m */ = {isa = PBXFileReference; lastKnownFileType = sourcecode.c.objc; path = SecondViewController.m; sourceTree = "<group>"; };
		0A2E48BD1679596900E84172 /* PasswordSafeTests.octest */ = {isa = PBXFileReference; explicitFileType = wrapper.cfbundle; includeInIndex = 0; path = PasswordSafeTests.octest; sourceTree = BUILT_PRODUCTS_DIR; };
		0A2E48BE1679596900E84172 /* SenTestingKit.framework */ = {isa = PBXFileReference; lastKnownFileType = wrapper.framework; name = SenTestingKit.framework; path = Library/Frameworks/SenTestingKit.framework; sourceTree = DEVELOPER_DIR; };
		0A2E48C61679596900E84172 /* PasswordSafeTests-Info.plist */ = {isa = PBXFileReference; lastKnownFileType = text.plist.xml; path = "PasswordSafeTests-Info.plist"; sourceTree = "<group>"; };
		0A2E48C81679596900E84172 /* en */ = {isa = PBXFileReference; lastKnownFileType = text.plist.strings; name = en; path = en.lproj/InfoPlist.strings; sourceTree = "<group>"; };
		0A2E48CA1679596900E84172 /* PasswordSafeTests.h */ = {isa = PBXFileReference; lastKnownFileType = sourcecode.c.h; path = PasswordSafeTests.h; sourceTree = "<group>"; };
		0A2E48CB1679596900E84172 /* PasswordSafeTests.m */ = {isa = PBXFileReference; lastKnownFileType = sourcecode.c.objc; path = PasswordSafeTests.m; sourceTree = "<group>"; };
		0A2E48D5167A83BD00E84172 /* Generator.h */ = {isa = PBXFileReference; fileEncoding = 4; lastKnownFileType = sourcecode.c.h; path = Generator.h; sourceTree = "<group>"; };
		0A2E48D6167A83BD00E84172 /* Generator.m */ = {isa = PBXFileReference; fileEncoding = 4; lastKnownFileType = sourcecode.c.objc; path = Generator.m; sourceTree = "<group>"; };
		0A65F73D16ABA84A00DC7097 /* GeneratorTest.h */ = {isa = PBXFileReference; fileEncoding = 4; lastKnownFileType = sourcecode.c.h; path = GeneratorTest.h; sourceTree = "<group>"; };
		0AA8E79216AB30DF0070D2C4 /* PasswordSafeData.xcdatamodel */ = {isa = PBXFileReference; lastKnownFileType = wrapper.xcdatamodel; path = PasswordSafeData.xcdatamodel; sourceTree = "<group>"; };
		0AA8E79616AB34480070D2C4 /* Note.h */ = {isa = PBXFileReference; fileEncoding = 4; lastKnownFileType = sourcecode.c.h; name = Note.h; path = ../Note.h; sourceTree = "<group>"; };
		0AA8E79716AB34480070D2C4 /* Note.m */ = {isa = PBXFileReference; fileEncoding = 4; lastKnownFileType = sourcecode.c.objc; name = Note.m; path = ../Note.m; sourceTree = "<group>"; };
		0AA8E79B16AB34770070D2C4 /* Password.h */ = {isa = PBXFileReference; fileEncoding = 4; lastKnownFileType = sourcecode.c.h; name = Password.h; path = ../Password.h; sourceTree = "<group>"; };
		0AA8E79C16AB34770070D2C4 /* Password.m */ = {isa = PBXFileReference; fileEncoding = 4; lastKnownFileType = sourcecode.c.objc; name = Password.m; path = ../Password.m; sourceTree = "<group>"; };
		0AA8E7B116B22AC00070D2C4 /* WebDAVAPI.h */ = {isa = PBXFileReference; fileEncoding = 4; lastKnownFileType = sourcecode.c.h; path = WebDAVAPI.h; sourceTree = "<group>"; };
		0AA8E7B216B22AC00070D2C4 /* WebDAVAPI.m */ = {isa = PBXFileReference; fileEncoding = 4; lastKnownFileType = sourcecode.c.objc; path = WebDAVAPI.m; sourceTree = "<group>"; };
		0AEEB5C016B2219E00EDA79D /* Default-568h@2x.png */ = {isa = PBXFileReference; lastKnownFileType = image.png; path = "Default-568h@2x.png"; sourceTree = "<group>"; };
		0AEEB5C816B2275100EDA79D /* CoreDataTest.h */ = {isa = PBXFileReference; fileEncoding = 4; lastKnownFileType = sourcecode.c.h; path = CoreDataTest.h; sourceTree = "<group>"; };
		0AEEB5C916B2275100EDA79D /* CoreDataTest.m */ = {isa = PBXFileReference; fileEncoding = 4; lastKnownFileType = sourcecode.c.objc; path = CoreDataTest.m; sourceTree = "<group>"; };
		0AEEB5CE16B2289200EDA79D /* CoreData.framework */ = {isa = PBXFileReference; lastKnownFileType = wrapper.framework; name = CoreData.framework; path = System/Library/Frameworks/CoreData.framework; sourceTree = SDKROOT; };
/* End PBXFileReference section */

/* Begin PBXFrameworksBuildPhase section */
		0A06F74F16AB314400F63233 /* Frameworks */ = {
			isa = PBXFrameworksBuildPhase;
			buildActionMask = 2147483647;
			files = (
				0AEEB5CF16B2289300EDA79D /* CoreData.framework in Frameworks */,
				0A06F75416AB314400F63233 /* SenTestingKit.framework in Frameworks */,
				0A06F75516AB314400F63233 /* UIKit.framework in Frameworks */,
				0A06F75616AB314400F63233 /* Foundation.framework in Frameworks */,
			);
			runOnlyForDeploymentPostprocessing = 0;
		};
		0A2E48851679596800E84172 /* Frameworks */ = {
			isa = PBXFrameworksBuildPhase;
			buildActionMask = 2147483647;
			files = (
				0AEEB5D116B22FFC00EDA79D /* CoreData.framework in Frameworks */,
				0AEEB5BF16B2208A00EDA79D /* SenTestingKit.framework in Frameworks */,
				0A2E488D1679596800E84172 /* UIKit.framework in Frameworks */,
				0A2E488F1679596800E84172 /* Foundation.framework in Frameworks */,
				0A2E48911679596800E84172 /* CoreGraphics.framework in Frameworks */,
			);
			runOnlyForDeploymentPostprocessing = 0;
		};
		0A2E48B91679596900E84172 /* Frameworks */ = {
			isa = PBXFrameworksBuildPhase;
			buildActionMask = 2147483647;
			files = (
				0AEEB5D016B22FF200EDA79D /* CoreData.framework in Frameworks */,
				0A2E48BF1679596900E84172 /* SenTestingKit.framework in Frameworks */,
				0A2E48C01679596900E84172 /* UIKit.framework in Frameworks */,
				0A2E48C11679596900E84172 /* Foundation.framework in Frameworks */,
			);
			runOnlyForDeploymentPostprocessing = 0;
		};
/* End PBXFrameworksBuildPhase section */

/* Begin PBXGroup section */
		0A06F75716AB314400F63233 /* PasswordSafeLogicTests */ = {
			isa = PBXGroup;
			children = (
				0AEEB5C916B2275100EDA79D /* CoreDataTest.m */,
				0AEEB5C816B2275100EDA79D /* CoreDataTest.h */,
				0A65F73D16ABA84A00DC7097 /* GeneratorTest.h */,
				0A06F76616AB31A800F63233 /* GeneratorTest.m */,
				0A06F75D16AB314400F63233 /* PasswordSafeLogicTests.h */,
				0A06F75E16AB314400F63233 /* PasswordSafeLogicTests.m */,
				0A06F75816AB314400F63233 /* Supporting Files */,
			);
			path = PasswordSafeLogicTests;
			sourceTree = "<group>";
		};
		0A06F75816AB314400F63233 /* Supporting Files */ = {
			isa = PBXGroup;
			children = (
				0A06F75916AB314400F63233 /* PasswordSafeLogicTests-Info.plist */,
				0A06F75A16AB314400F63233 /* InfoPlist.strings */,
				0A06F76016AB314400F63233 /* PasswordSafeLogicTests-Prefix.pch */,
			);
			name = "Supporting Files";
			sourceTree = "<group>";
		};
		0A2E487D1679596800E84172 = {
			isa = PBXGroup;
			children = (
				0AEEB5C016B2219E00EDA79D /* Default-568h@2x.png */,
				0A2E48921679596800E84172 /* PasswordSafe */,
				0A2E48C41679596900E84172 /* PasswordSafeTests */,
				0A06F75716AB314400F63233 /* PasswordSafeLogicTests */,
				0A2E488B1679596800E84172 /* Frameworks */,
				0A2E48891679596800E84172 /* Products */,
			);
			sourceTree = "<group>";
		};
		0A2E48891679596800E84172 /* Products */ = {
			isa = PBXGroup;
			children = (
				0A2E48881679596800E84172 /* PasswordSafe.app */,
				0A2E48BD1679596900E84172 /* PasswordSafeTests.octest */,
				0A06F75316AB314400F63233 /* PasswordSafeLogicTests.octest */,
			);
			name = Products;
			sourceTree = "<group>";
		};
		0A2E488B1679596800E84172 /* Frameworks */ = {
			isa = PBXGroup;
			children = (
				0AEEB5CE16B2289200EDA79D /* CoreData.framework */,
				0A2E488C1679596800E84172 /* UIKit.framework */,
				0A2E488E1679596800E84172 /* Foundation.framework */,
				0A2E48901679596800E84172 /* CoreGraphics.framework */,
				0A2E48BE1679596900E84172 /* SenTestingKit.framework */,
			);
			name = Frameworks;
			sourceTree = "<group>";
		};
		0A2E48921679596800E84172 /* PasswordSafe */ = {
			isa = PBXGroup;
			children = (
				0AA8E79116AB30DF0070D2C4 /* PasswordSafeData.xcdatamodeld */,
				0AA8E79C16AB34770070D2C4 /* Password.m */,
				0AA8E79B16AB34770070D2C4 /* Password.h */,
				0AA8E79616AB34480070D2C4 /* Note.h */,
				0AA8E7B116B22AC00070D2C4 /* WebDAVAPI.h */,
				0AA8E7B216B22AC00070D2C4 /* WebDAVAPI.m */,
				0AA8E79716AB34480070D2C4 /* Note.m */,
				0A2E489B1679596800E84172 /* AppDelegate.h */,
				0A2E48D5167A83BD00E84172 /* Generator.h */,
				0A2E48D6167A83BD00E84172 /* Generator.m */,
				0A2E489C1679596800E84172 /* AppDelegate.m */,
				0A2E48A41679596800E84172 /* MainStoryboard_iPhone.storyboard */,
				0A2E48A71679596800E84172 /* MainStoryboard_iPad.storyboard */,
				0A2E48AA1679596800E84172 /* FirstViewController.h */,
				0A2E48AB1679596800E84172 /* FirstViewController.m */,
				0A2E48B11679596800E84172 /* SecondViewController.h */,
				0A2E48B21679596800E84172 /* SecondViewController.m */,
				0A2E48931679596800E84172 /* Supporting Files */,
			);
			path = PasswordSafe;
			sourceTree = "<group>";
		};
		0A2E48931679596800E84172 /* Supporting Files */ = {
			isa = PBXGroup;
			children = (
				0A2E48941679596800E84172 /* PasswordSafe-Info.plist */,
				0A2E48951679596800E84172 /* InfoPlist.strings */,
				0A2E48981679596800E84172 /* main.m */,
				0A2E489A1679596800E84172 /* PasswordSafe-Prefix.pch */,
				0A2E489E1679596800E84172 /* Default.png */,
				0A2E48A01679596800E84172 /* Default@2x.png */,
				0A2E48A21679596800E84172 /* Default-568h@2x.png */,
			);
			name = "Supporting Files";
			sourceTree = "<group>";
		};
		0A2E48C41679596900E84172 /* PasswordSafeTests */ = {
			isa = PBXGroup;
			children = (
				0A2E48CA1679596900E84172 /* PasswordSafeTests.h */,
				0A2E48CB1679596900E84172 /* PasswordSafeTests.m */,
				0A2E48C51679596900E84172 /* Supporting Files */,
			);
			path = PasswordSafeTests;
			sourceTree = "<group>";
		};
		0A2E48C51679596900E84172 /* Supporting Files */ = {
			isa = PBXGroup;
			children = (
				0A2E48C61679596900E84172 /* PasswordSafeTests-Info.plist */,
				0A2E48C71679596900E84172 /* InfoPlist.strings */,
			);
			name = "Supporting Files";
			sourceTree = "<group>";
		};
/* End PBXGroup section */

/* Begin PBXNativeTarget section */
		0A06F75216AB314400F63233 /* PasswordSafeLogicTests */ = {
			isa = PBXNativeTarget;
			buildConfigurationList = 0A06F76316AB314400F63233 /* Build configuration list for PBXNativeTarget "PasswordSafeLogicTests" */;
			buildPhases = (
				0A06F74E16AB314400F63233 /* Sources */,
				0A06F74F16AB314400F63233 /* Frameworks */,
				0A06F75016AB314400F63233 /* Resources */,
				0A06F75116AB314400F63233 /* ShellScript */,
			);
			buildRules = (
			);
			dependencies = (
			);
			name = PasswordSafeLogicTests;
			productName = PasswordSafeLogicTests;
			productReference = 0A06F75316AB314400F63233 /* PasswordSafeLogicTests.octest */;
			productType = "com.apple.product-type.bundle";
		};
		0A2E48871679596800E84172 /* PasswordSafe */ = {
			isa = PBXNativeTarget;
			buildConfigurationList = 0A2E48CF1679596900E84172 /* Build configuration list for PBXNativeTarget "PasswordSafe" */;
			buildPhases = (
				0A2E48841679596800E84172 /* Sources */,
				0A2E48851679596800E84172 /* Frameworks */,
				0A2E48861679596800E84172 /* Resources */,
			);
			buildRules = (
			);
			dependencies = (
			);
			name = PasswordSafe;
			productName = PasswordSafe;
			productReference = 0A2E48881679596800E84172 /* PasswordSafe.app */;
			productType = "com.apple.product-type.application";
		};
		0A2E48BC1679596900E84172 /* PasswordSafeTests */ = {
			isa = PBXNativeTarget;
			buildConfigurationList = 0A2E48D21679596900E84172 /* Build configuration list for PBXNativeTarget "PasswordSafeTests" */;
			buildPhases = (
				0A2E48B81679596900E84172 /* Sources */,
				0A2E48B91679596900E84172 /* Frameworks */,
				0A2E48BA1679596900E84172 /* Resources */,
				0A2E48BB1679596900E84172 /* ShellScript */,
			);
			buildRules = (
			);
			dependencies = (
				0A2E48C31679596900E84172 /* PBXTargetDependency */,
			);
			name = PasswordSafeTests;
			productName = PasswordSafeTests;
			productReference = 0A2E48BD1679596900E84172 /* PasswordSafeTests.octest */;
			productType = "com.apple.product-type.bundle";
		};
/* End PBXNativeTarget section */

/* Begin PBXProject section */
		0A2E487F1679596800E84172 /* Project object */ = {
			isa = PBXProject;
			attributes = {
				LastUpgradeCheck = 0450;
				ORGANIZATIONNAME = "Software Security Consultants Incorporated";
			};
			buildConfigurationList = 0A2E48821679596800E84172 /* Build configuration list for PBXProject "PasswordSafe" */;
			compatibilityVersion = "Xcode 3.2";
			developmentRegion = English;
			hasScannedForEncodings = 0;
			knownRegions = (
				en,
			);
			mainGroup = 0A2E487D1679596800E84172;
			productRefGroup = 0A2E48891679596800E84172 /* Products */;
			projectDirPath = "";
			projectRoot = "";
			targets = (
				0A2E48871679596800E84172 /* PasswordSafe */,
				0A2E48BC1679596900E84172 /* PasswordSafeTests */,
				0A06F75216AB314400F63233 /* PasswordSafeLogicTests */,
			);
		};
/* End PBXProject section */

/* Begin PBXResourcesBuildPhase section */
		0A06F75016AB314400F63233 /* Resources */ = {
			isa = PBXResourcesBuildPhase;
			buildActionMask = 2147483647;
			files = (
				0A06F75C16AB314400F63233 /* InfoPlist.strings in Resources */,
			);
			runOnlyForDeploymentPostprocessing = 0;
		};
		0A2E48861679596800E84172 /* Resources */ = {
			isa = PBXResourcesBuildPhase;
			buildActionMask = 2147483647;
			files = (
				0A2E48971679596800E84172 /* InfoPlist.strings in Resources */,
				0AEEB5C116B2219F00EDA79D /* Default-568h@2x.png in Resources */,
			);
			runOnlyForDeploymentPostprocessing = 0;
		};
		0A2E48BA1679596900E84172 /* Resources */ = {
			isa = PBXResourcesBuildPhase;
			buildActionMask = 2147483647;
			files = (
				0A2E48C91679596900E84172 /* InfoPlist.strings in Resources */,
			);
			runOnlyForDeploymentPostprocessing = 0;
		};
/* End PBXResourcesBuildPhase section */

/* Begin PBXShellScriptBuildPhase section */
		0A06F75116AB314400F63233 /* ShellScript */ = {
			isa = PBXShellScriptBuildPhase;
			buildActionMask = 2147483647;
			files = (
			);
			inputPaths = (
			);
			outputPaths = (
			);
			runOnlyForDeploymentPostprocessing = 0;
			shellPath = /bin/sh;
			shellScript = "# Run the unit tests in this test bundle.\n\"${SYSTEM_DEVELOPER_DIR}/Tools/RunUnitTests\"\n";
		};
		0A2E48BB1679596900E84172 /* ShellScript */ = {
			isa = PBXShellScriptBuildPhase;
			buildActionMask = 2147483647;
			files = (
			);
			inputPaths = (
			);
			outputPaths = (
			);
			runOnlyForDeploymentPostprocessing = 0;
			shellPath = /bin/sh;
			shellScript = "# Run the unit tests in this test bundle.\n\"${SYSTEM_DEVELOPER_DIR}/Tools/RunUnitTests\"\n";
		};
/* End PBXShellScriptBuildPhase section */

/* Begin PBXSourcesBuildPhase section */
		0A06F74E16AB314400F63233 /* Sources */ = {
			isa = PBXSourcesBuildPhase;
			buildActionMask = 2147483647;
			files = (
				0AEEB5D216B2307D00EDA79D /* main.m in Sources */,
				0AEEB5C616B2251900EDA79D /* AppDelegate.m in Sources */,
				0AEEB5C516B224FD00EDA79D /* Note.m in Sources */,
				0AEEB5C416B224F900EDA79D /* Password.m in Sources */,
				0AEEB5C316B224F000EDA79D /* PasswordSafeData.xcdatamodeld in Sources */,
				0A65F73C16AB430700DC7097 /* Generator.m in Sources */,
				0A06F75F16AB314400F63233 /* PasswordSafeLogicTests.m in Sources */,
				0A06F76716AB31A800F63233 /* GeneratorTest.m in Sources */,
				0AEEB5CA16B2275100EDA79D /* CoreDataTest.m in Sources */,
			);
			runOnlyForDeploymentPostprocessing = 0;
		};
		0A2E48841679596800E84172 /* Sources */ = {
			isa = PBXSourcesBuildPhase;
			buildActionMask = 2147483647;
			files = (
				0A90FCAA16C333AA00ED0A1E /* CoreDataTest.m in Sources */,
				0AEEB5CC16B2287200EDA79D /* Note.m in Sources */,
				0AEEB5CB16B2286E00EDA79D /* Password.m in Sources */,
				0AEEB5C216B2237900EDA79D /* main.m in Sources */,
				0A2E48D7167A83BD00E84172 /* Generator.m in Sources */,
				0AEEB5BD16B21FF200EDA79D /* GeneratorTest.m in Sources */,
			);
			runOnlyForDeploymentPostprocessing = 0;
		};
		0A2E48B81679596900E84172 /* Sources */ = {
			isa = PBXSourcesBuildPhase;
			buildActionMask = 2147483647;
			files = (
				0A2E48CC1679596900E84172 /* PasswordSafeTests.m in Sources */,
				0AA8E79416AB30DF0070D2C4 /* PasswordSafeData.xcdatamodeld in Sources */,
				0AA8E79916AB34480070D2C4 /* Note.m in Sources */,
				0AA8E79E16AB34770070D2C4 /* Password.m in Sources */,
			);
			runOnlyForDeploymentPostprocessing = 0;
		};
/* End PBXSourcesBuildPhase section */

/* Begin PBXTargetDependency section */
		0A2E48C31679596900E84172 /* PBXTargetDependency */ = {
			isa = PBXTargetDependency;
			target = 0A2E48871679596800E84172 /* PasswordSafe */;
			targetProxy = 0A2E48C21679596900E84172 /* PBXContainerItemProxy */;
		};
/* End PBXTargetDependency section */

/* Begin PBXVariantGroup section */
		0A06F75A16AB314400F63233 /* InfoPlist.strings */ = {
			isa = PBXVariantGroup;
			children = (
				0A06F75B16AB314400F63233 /* en */,
			);
			name = InfoPlist.strings;
			sourceTree = "<group>";
		};
		0A2E48951679596800E84172 /* InfoPlist.strings */ = {
			isa = PBXVariantGroup;
			children = (
				0A2E48961679596800E84172 /* en */,
			);
			name = InfoPlist.strings;
			sourceTree = "<group>";
		};
		0A2E48A41679596800E84172 /* MainStoryboard_iPhone.storyboard */ = {
			isa = PBXVariantGroup;
			children = (
				0A2E48A51679596800E84172 /* en */,
			);
			name = MainStoryboard_iPhone.storyboard;
			sourceTree = "<group>";
		};
		0A2E48A71679596800E84172 /* MainStoryboard_iPad.storyboard */ = {
			isa = PBXVariantGroup;
			children = (
				0A2E48A81679596800E84172 /* en */,
			);
			name = MainStoryboard_iPad.storyboard;
			sourceTree = "<group>";
		};
		0A2E48C71679596900E84172 /* InfoPlist.strings */ = {
			isa = PBXVariantGroup;
			children = (
				0A2E48C81679596900E84172 /* en */,
			);
			name = InfoPlist.strings;
			sourceTree = "<group>";
		};
/* End PBXVariantGroup section */

/* Begin XCBuildConfiguration section */
		0A06F76116AB314400F63233 /* Debug */ = {
			isa = XCBuildConfiguration;
			buildSettings = {
				CLANG_ANALYZER_SECURITY_INSECUREAPI_VFORK = NO;
				FRAMEWORK_SEARCH_PATHS = (
					"\"$(SDKROOT)/Developer/Library/Frameworks\"",
					"\"$(DEVELOPER_LIBRARY_DIR)/Frameworks\"",
				);
				GCC_PRECOMPILE_PREFIX_HEADER = YES;
				GCC_PREFIX_HEADER = "PasswordSafeLogicTests/PasswordSafeLogicTests-Prefix.pch";
				INFOPLIST_FILE = "PasswordSafeLogicTests/PasswordSafeLogicTests-Info.plist";
				PRODUCT_NAME = "$(TARGET_NAME)";
				WRAPPER_EXTENSION = octest;
			};
			name = Debug;
		};
		0A06F76216AB314400F63233 /* Release */ = {
			isa = XCBuildConfiguration;
			buildSettings = {
				CLANG_ANALYZER_SECURITY_INSECUREAPI_VFORK = NO;
				FRAMEWORK_SEARCH_PATHS = (
					"\"$(SDKROOT)/Developer/Library/Frameworks\"",
					"\"$(DEVELOPER_LIBRARY_DIR)/Frameworks\"",
				);
				GCC_PRECOMPILE_PREFIX_HEADER = YES;
				GCC_PREFIX_HEADER = "PasswordSafeLogicTests/PasswordSafeLogicTests-Prefix.pch";
				INFOPLIST_FILE = "PasswordSafeLogicTests/PasswordSafeLogicTests-Info.plist";
				PRODUCT_NAME = "$(TARGET_NAME)";
				WRAPPER_EXTENSION = octest;
			};
			name = Release;
		};
		0A2E48CD1679596900E84172 /* Debug */ = {
			isa = XCBuildConfiguration;
			buildSettings = {
				ALWAYS_SEARCH_USER_PATHS = NO;
				CLANG_CXX_LANGUAGE_STANDARD = "gnu++0x";
				CLANG_CXX_LIBRARY = "libc++";
				CLANG_ENABLE_OBJC_ARC = YES;
				CLANG_WARN_EMPTY_BODY = YES;
				CLANG_WARN__DUPLICATE_METHOD_MATCH = YES;
				CODE_SIGN_IDENTITY = "iPhone Developer";
				"CODE_SIGN_IDENTITY[sdk=iphoneos*]" = "iPhone Developer";
				COPY_PHASE_STRIP = NO;
				FRAMEWORK_SEARCH_PATHS = (
					"$(SDKROOT)/Developer/Library/Frameworks",
					"$(DEVELOPER_LIBRARY_DIR)/Frameworks",
				);
				GCC_C_LANGUAGE_STANDARD = gnu99;
				GCC_DYNAMIC_NO_PIC = NO;
				GCC_OPTIMIZATION_LEVEL = 0;
				GCC_PREPROCESSOR_DEFINITIONS = (
					"DEBUG=1",
					"$(inherited)",
				);
				GCC_SYMBOLS_PRIVATE_EXTERN = NO;
				GCC_WARN_ABOUT_RETURN_TYPE = YES;
				GCC_WARN_UNINITIALIZED_AUTOS = YES;
				GCC_WARN_UNUSED_VARIABLE = YES;
				IPHONEOS_DEPLOYMENT_TARGET = 6.0;
				PROVISIONING_PROFILE = "";
				SDKROOT = iphoneos;
				TARGETED_DEVICE_FAMILY = "1,2";
			};
			name = Debug;
		};
		0A2E48CE1679596900E84172 /* Release */ = {
			isa = XCBuildConfiguration;
			buildSettings = {
				ALWAYS_SEARCH_USER_PATHS = NO;
				CLANG_CXX_LANGUAGE_STANDARD = "gnu++0x";
				CLANG_CXX_LIBRARY = "libc++";
				CLANG_ENABLE_OBJC_ARC = YES;
				CLANG_WARN_EMPTY_BODY = YES;
				CLANG_WARN__DUPLICATE_METHOD_MATCH = YES;
				CODE_SIGN_IDENTITY = "iPhone Developer";
				"CODE_SIGN_IDENTITY[sdk=iphoneos*]" = "iPhone Developer";
				COPY_PHASE_STRIP = YES;
				FRAMEWORK_SEARCH_PATHS = (
					"$(SDKROOT)/Developer/Library/Frameworks",
					"$(DEVELOPER_LIBRARY_DIR)/Frameworks",
				);
				GCC_C_LANGUAGE_STANDARD = gnu99;
				GCC_WARN_ABOUT_RETURN_TYPE = YES;
				GCC_WARN_UNINITIALIZED_AUTOS = YES;
				GCC_WARN_UNUSED_VARIABLE = YES;
				IPHONEOS_DEPLOYMENT_TARGET = 6.0;
				OTHER_CFLAGS = "-DNS_BLOCK_ASSERTIONS=1";
				PROVISIONING_PROFILE = "";
				SDKROOT = iphoneos;
				TARGETED_DEVICE_FAMILY = "1,2";
				VALIDATE_PRODUCT = YES;
			};
			name = Release;
		};
		0A2E48D01679596900E84172 /* Debug */ = {
			isa = XCBuildConfiguration;
			buildSettings = {
				FRAMEWORK_SEARCH_PATHS = (
					"$(inherited)",
					"\"$(SRCROOT)\"",
					"\"$(SYSTEM_APPS_DIR)/Xcode.app/Contents/Developer/Library/Frameworks\"",
				);
				GCC_PRECOMPILE_PREFIX_HEADER = YES;
				GCC_PREFIX_HEADER = "PasswordSafe/PasswordSafe-Prefix.pch";
				INFOPLIST_FILE = "PasswordSafe/PasswordSafe-Info.plist";
				PRODUCT_NAME = "$(TARGET_NAME)";
				WRAPPER_EXTENSION = app;
			};
			name = Debug;
		};
		0A2E48D11679596900E84172 /* Release */ = {
			isa = XCBuildConfiguration;
			buildSettings = {
				FRAMEWORK_SEARCH_PATHS = (
					"$(inherited)",
					"\"$(SRCROOT)\"",
					"\"$(SYSTEM_APPS_DIR)/Xcode.app/Contents/Developer/Library/Frameworks\"",
				);
				GCC_PRECOMPILE_PREFIX_HEADER = YES;
				GCC_PREFIX_HEADER = "PasswordSafe/PasswordSafe-Prefix.pch";
				INFOPLIST_FILE = "PasswordSafe/PasswordSafe-Info.plist";
				PRODUCT_NAME = "$(TARGET_NAME)";
				WRAPPER_EXTENSION = app;
			};
			name = Release;
		};
		0A2E48D31679596900E84172 /* Debug */ = {
			isa = XCBuildConfiguration;
			buildSettings = {
				BUNDLE_LOADER = "$(BUILT_PRODUCTS_DIR)/PasswordSafe.app/PasswordSafe";
				FRAMEWORK_SEARCH_PATHS = (
					"\"$(SDKROOT)/Developer/Library/Frameworks\"",
					"\"$(DEVELOPER_LIBRARY_DIR)/Frameworks\"",
					"\"$(SRCROOT)\"",
				);
				GCC_PRECOMPILE_PREFIX_HEADER = YES;
				GCC_PREFIX_HEADER = "PasswordSafe/PasswordSafe-Prefix.pch";
				INFOPLIST_FILE = "PasswordSafeTests/PasswordSafeTests-Info.plist";
				PRODUCT_NAME = "$(TARGET_NAME)";
				TEST_HOST = "$(BUNDLE_LOADER)";
				WRAPPER_EXTENSION = octest;
			};
			name = Debug;
		};
		0A2E48D41679596900E84172 /* Release */ = {
			isa = XCBuildConfiguration;
			buildSettings = {
				BUNDLE_LOADER = "$(BUILT_PRODUCTS_DIR)/PasswordSafe.app/PasswordSafe";
				FRAMEWORK_SEARCH_PATHS = (
					"\"$(SDKROOT)/Developer/Library/Frameworks\"",
					"\"$(DEVELOPER_LIBRARY_DIR)/Frameworks\"",
					"\"$(SRCROOT)\"",
				);
				GCC_PRECOMPILE_PREFIX_HEADER = YES;
				GCC_PREFIX_HEADER = "PasswordSafe/PasswordSafe-Prefix.pch";
				INFOPLIST_FILE = "PasswordSafeTests/PasswordSafeTests-Info.plist";
				PRODUCT_NAME = "$(TARGET_NAME)";
				TEST_HOST = "$(BUNDLE_LOADER)";
				WRAPPER_EXTENSION = octest;
			};
			name = Release;
		};
/* End XCBuildConfiguration section */

/* Begin XCConfigurationList section */
		0A06F76316AB314400F63233 /* Build configuration list for PBXNativeTarget "PasswordSafeLogicTests" */ = {
			isa = XCConfigurationList;
			buildConfigurations = (
				0A06F76116AB314400F63233 /* Debug */,
				0A06F76216AB314400F63233 /* Release */,
			);
			defaultConfigurationIsVisible = 0;
			defaultConfigurationName = Release;
		};
		0A2E48821679596800E84172 /* Build configuration list for PBXProject "PasswordSafe" */ = {
			isa = XCConfigurationList;
			buildConfigurations = (
				0A2E48CD1679596900E84172 /* Debug */,
				0A2E48CE1679596900E84172 /* Release */,
			);
			defaultConfigurationIsVisible = 0;
			defaultConfigurationName = Release;
		};
		0A2E48CF1679596900E84172 /* Build configuration list for PBXNativeTarget "PasswordSafe" */ = {
			isa = XCConfigurationList;
			buildConfigurations = (
				0A2E48D01679596900E84172 /* Debug */,
				0A2E48D11679596900E84172 /* Release */,
			);
			defaultConfigurationIsVisible = 0;
			defaultConfigurationName = Release;
		};
		0A2E48D21679596900E84172 /* Build configuration list for PBXNativeTarget "PasswordSafeTests" */ = {
			isa = XCConfigurationList;
			buildConfigurations = (
				0A2E48D31679596900E84172 /* Debug */,
				0A2E48D41679596900E84172 /* Release */,
			);
			defaultConfigurationIsVisible = 0;
			defaultConfigurationName = Release;
		};
/* End XCConfigurationList section */

/* Begin XCVersionGroup section */
		0AA8E79116AB30DF0070D2C4 /* PasswordSafeData.xcdatamodeld */ = {
			isa = XCVersionGroup;
			children = (
				0AA8E79216AB30DF0070D2C4 /* PasswordSafeData.xcdatamodel */,
			);
			currentVersion = 0AA8E79216AB30DF0070D2C4 /* PasswordSafeData.xcdatamodel */;
			path = PasswordSafeData.xcdatamodeld;
			sourceTree = SOURCE_ROOT;
			versionGroupType = wrapper.xcdatamodel;
		};
/* End XCVersionGroup section */
	};
	rootObject = 0A2E487F1679596800E84172 /* Project object */;
}
